
Microsoft Visual Studio Solution File, Format Version 12.00
# Visual Studio Version 17
VisualStudioVersion = 17.9.34622.214
MinimumVisualStudioVersion = 10.0.40219.1
Project("{9A19103F-16F7-4668-BE54-9A1E7A4F7556}") = "Core_Blog", "Core_Blog\Core_Blog.csproj", "{CA187ACC-A242-4B06-9D43-BBDEFB42F783}"
EndProject
Project("{9A19103F-16F7-4668-BE54-9A1E7A4F7556}") = "EntityLayer", "EntityLayer\EntityLayer.csproj", "{F86E31CA-8BAD-4587-B6B0-9C39EEC74999}"
EndProject
Project("{9A19103F-16F7-4668-BE54-9A1E7A4F7556}") = "DataAccessLayer", "DataAccessLayer\DataAccessLayer.csproj", "{34C09035-4665-408C-A225-11296F45A02E}"
EndProject
Project("{9A19103F-16F7-4668-BE54-9A1E7A4F7556}") = "BusinessLayer", "BusinessLayer\BusinessLayer.csproj", "{5292A2D3-D680-4682-A0BB-DFA41A12E8BC}"
EndProject
Project("{9A19103F-16F7-4668-BE54-9A1E7A4F7556}") = "CoreLayer", "CoreLayer\CoreLayer.csproj", "{911A4522-72E0-4615-BCF3-F22514BBD1D2}"
EndProject
Project("{FAE04EC0-301F-11D3-BF4B-00C04F79EFBC}") = "BlogApiDemo", "BlogApiDemo\BlogApiDemo.csproj", "{D6122090-C276-493B-87ED-9F22BD89BBF7}"
EndProject
Global
	GlobalSection(SolutionConfigurationPlatforms) = preSolution
		Debug|Any CPU = Debug|Any CPU
		Release|Any CPU = Release|Any CPU
	EndGlobalSection
	GlobalSection(ProjectConfigurationPlatforms) = postSolution
		{CA187ACC-A242-4B06-9D43-BBDEFB42F783}.Debug|Any CPU.ActiveCfg = Debug|Any CPU
		{CA187ACC-A242-4B06-9D43-BBDEFB42F783}.Debug|Any CPU.Build.0 = Debug|Any CPU
		{CA187ACC-A242-4B06-9D43-BBDEFB42F783}.Release|Any CPU.ActiveCfg = Release|Any CPU
		{CA187ACC-A242-4B06-9D43-BBDEFB42F783}.Release|Any CPU.Build.0 = Release|Any CPU
		{F86E31CA-8BAD-4587-B6B0-9C39EEC74999}.Debug|Any CPU.ActiveCfg = Debug|Any CPU
		{F86E31CA-8BAD-4587-B6B0-9C39EEC74999}.Debug|Any CPU.Build.0 = Debug|Any CPU
		{F86E31CA-8BAD-4587-B6B0-9C39EEC74999}.Release|Any CPU.ActiveCfg = Release|Any CPU
		{F86E31CA-8BAD-4587-B6B0-9C39EEC74999}.Release|Any CPU.Build.0 = Release|Any CPU
		{34C09035-4665-408C-A225-11296F45A02E}.Debug|Any CPU.ActiveCfg = Debug|Any CPU
		{34C09035-4665-408C-A225-11296F45A02E}.Debug|Any CPU.Build.0 = Debug|Any CPU
		{34C09035-4665-408C-A225-11296F45A02E}.Release|Any CPU.ActiveCfg = Release|Any CPU
		{34C09035-4665-408C-A225-11296F45A02E}.Release|Any CPU.Build.0 = Release|Any CPU
		{5292A2D3-D680-4682-A0BB-DFA41A12E8BC}.Debug|Any CPU.ActiveCfg = Debug|Any CPU
		{5292A2D3-D680-4682-A0BB-DFA41A12E8BC}.Debug|Any CPU.Build.0 = Debug|Any CPU
		{5292A2D3-D680-4682-A0BB-DFA41A12E8BC}.Release|Any CPU.ActiveCfg = Release|Any CPU
		{5292A2D3-D680-4682-A0BB-DFA41A12E8BC}.Release|Any CPU.Build.0 = Release|Any CPU
		{911A4522-72E0-4615-BCF3-F22514BBD1D2}.Debug|Any CPU.ActiveCfg = Debug|Any CPU
		{911A4522-72E0-4615-BCF3-F22514BBD1D2}.Debug|Any CPU.Build.0 = Debug|Any CPU
		{911A4522-72E0-4615-BCF3-F22514BBD1D2}.Release|Any CPU.ActiveCfg = Release|Any CPU
		{911A4522-72E0-4615-BCF3-F22514BBD1D2}.Release|Any CPU.Build.0 = Release|Any CPU
		{D6122090-C276-493B-87ED-9F22BD89BBF7}.Debug|Any CPU.ActiveCfg = Debug|Any CPU
		{D6122090-C276-493B-87ED-9F22BD89BBF7}.Debug|Any CPU.Build.0 = Debug|Any CPU
		{D6122090-C276-493B-87ED-9F22BD89BBF7}.Release|Any CPU.ActiveCfg = Release|Any CPU
		{D6122090-C276-493B-87ED-9F22BD89BBF7}.Release|Any CPU.Build.0 = Release|Any CPU
	EndGlobalSection
	GlobalSection(SolutionProperties) = preSolution
		HideSolutionNode = FALSE
	EndGlobalSection
	GlobalSection(ExtensibilityGlobals) = postSolution
		SolutionGuid = {4FD54AF9-48EE-4D67-B228-BBBD9480405B}
	EndGlobalSection
EndGlobal
